// !$*UTF8*$!
{
	archiveVersion = 1;
	classes = {
	};
	objectVersion = 52;
	objects = {

/* Begin PBXBuildFile section */
		2C08AA59261CFEF700BE71BA /* AddPlanScreen+ViewModels.swift in Sources */ = {isa = PBXBuildFile; fileRef = 2C08AA58261CFEF700BE71BA /* AddPlanScreen+ViewModels.swift */; };
		2C08AA5A261CFEF700BE71BA /* AddPlanScreen+ViewModels.swift in Sources */ = {isa = PBXBuildFile; fileRef = 2C08AA58261CFEF700BE71BA /* AddPlanScreen+ViewModels.swift */; };
		2C347AB42619FAAC001F307D /* CorePlan+extension.swift in Sources */ = {isa = PBXBuildFile; fileRef = 2C347AB32619FAAC001F307D /* CorePlan+extension.swift */; };
		2C347AB52619FAAC001F307D /* CorePlan+extension.swift in Sources */ = {isa = PBXBuildFile; fileRef = 2C347AB32619FAAC001F307D /* CorePlan+extension.swift */; };
		2C347AC02619FC9C001F307D /* CorePlan+CoreDataClass.swift in Sources */ = {isa = PBXBuildFile; fileRef = 2C347ABE2619FC9C001F307D /* CorePlan+CoreDataClass.swift */; };
		2C347AC12619FC9C001F307D /* CorePlan+CoreDataClass.swift in Sources */ = {isa = PBXBuildFile; fileRef = 2C347ABE2619FC9C001F307D /* CorePlan+CoreDataClass.swift */; };
		2C347AC22619FC9C001F307D /* CorePlan+CoreDataProperties.swift in Sources */ = {isa = PBXBuildFile; fileRef = 2C347ABF2619FC9C001F307D /* CorePlan+CoreDataProperties.swift */; };
		2C347AC32619FC9C001F307D /* CorePlan+CoreDataProperties.swift in Sources */ = {isa = PBXBuildFile; fileRef = 2C347ABF2619FC9C001F307D /* CorePlan+CoreDataProperties.swift */; };
		2C3A16B32618EA62008FE8BA /* Constants.swift in Sources */ = {isa = PBXBuildFile; fileRef = 2C3A16B22618EA62008FE8BA /* Constants.swift */; };
		2C3A16B42618EA62008FE8BA /* Constants.swift in Sources */ = {isa = PBXBuildFile; fileRef = 2C3A16B22618EA62008FE8BA /* Constants.swift */; };
		2C42285E26237C94001A1B21 /* PlanSelectionInfoRow.swift in Sources */ = {isa = PBXBuildFile; fileRef = 2C42285D26237C94001A1B21 /* PlanSelectionInfoRow.swift */; };
		2C42285F26237C94001A1B21 /* PlanSelectionInfoRow.swift in Sources */ = {isa = PBXBuildFile; fileRef = 2C42285D26237C94001A1B21 /* PlanSelectionInfoRow.swift */; };
		2C42286526238823001A1B21 /* ModifyPlan.swift in Sources */ = {isa = PBXBuildFile; fileRef = 2C42286426238823001A1B21 /* ModifyPlan.swift */; };
		2C42286626238823001A1B21 /* ModifyPlan.swift in Sources */ = {isa = PBXBuildFile; fileRef = 2C42286426238823001A1B21 /* ModifyPlan.swift */; };
		2C42AAC82617A99A00748787 /* ControlCenter.swift in Sources */ = {isa = PBXBuildFile; fileRef = 2C42AAC72617A99A00748787 /* ControlCenter.swift */; };
		2C42AAC92617A99A00748787 /* ControlCenter.swift in Sources */ = {isa = PBXBuildFile; fileRef = 2C42AAC72617A99A00748787 /* ControlCenter.swift */; };
		2C7A2993262B730D00883759 /* PlanSelectionScreen+ViewModel.swift in Sources */ = {isa = PBXBuildFile; fileRef = 2C7A2992262B730D00883759 /* PlanSelectionScreen+ViewModel.swift */; };
		2C7A2994262B730D00883759 /* PlanSelectionScreen+ViewModel.swift in Sources */ = {isa = PBXBuildFile; fileRef = 2C7A2992262B730D00883759 /* PlanSelectionScreen+ViewModel.swift */; };
		2C7B6A922607DBE800F0217E /* Tests_iOS.swift in Sources */ = {isa = PBXBuildFile; fileRef = 2C7B6A912607DBE800F0217E /* Tests_iOS.swift */; };
		2C7B6A9D2607DBE800F0217E /* Tests_macOS.swift in Sources */ = {isa = PBXBuildFile; fileRef = 2C7B6A9C2607DBE800F0217E /* Tests_macOS.swift */; };
		2C7B6A9F2607DBE800F0217E /* PlannerCal.xcdatamodeld in Sources */ = {isa = PBXBuildFile; fileRef = 2C7B6A732607DBE700F0217E /* PlannerCal.xcdatamodeld */; };
		2C7B6AA02607DBE800F0217E /* PlannerCal.xcdatamodeld in Sources */ = {isa = PBXBuildFile; fileRef = 2C7B6A732607DBE700F0217E /* PlannerCal.xcdatamodeld */; };
		2C7B6AA12607DBE800F0217E /* PlannerCalApp.swift in Sources */ = {isa = PBXBuildFile; fileRef = 2C7B6A752607DBE700F0217E /* PlannerCalApp.swift */; };
		2C7B6AA22607DBE800F0217E /* PlannerCalApp.swift in Sources */ = {isa = PBXBuildFile; fileRef = 2C7B6A752607DBE700F0217E /* PlannerCalApp.swift */; };
		2C7B6AA32607DBE800F0217E /* ContentView.swift in Sources */ = {isa = PBXBuildFile; fileRef = 2C7B6A762607DBE700F0217E /* ContentView.swift */; };
		2C7B6AA42607DBE800F0217E /* ContentView.swift in Sources */ = {isa = PBXBuildFile; fileRef = 2C7B6A762607DBE700F0217E /* ContentView.swift */; };
		2C7B6AA52607DBE800F0217E /* Persistence.swift in Sources */ = {isa = PBXBuildFile; fileRef = 2C7B6A772607DBE700F0217E /* Persistence.swift */; };
		2C7B6AA62607DBE800F0217E /* Persistence.swift in Sources */ = {isa = PBXBuildFile; fileRef = 2C7B6A772607DBE700F0217E /* Persistence.swift */; };
		2C7B6AA72607DBE800F0217E /* Assets.xcassets in Resources */ = {isa = PBXBuildFile; fileRef = 2C7B6A782607DBE800F0217E /* Assets.xcassets */; };
		2C7B6AA82607DBE800F0217E /* Assets.xcassets in Resources */ = {isa = PBXBuildFile; fileRef = 2C7B6A782607DBE800F0217E /* Assets.xcassets */; };
		2C7B6ABD2607DC5800F0217E /* PersistanceManager in Frameworks */ = {isa = PBXBuildFile; productRef = 2C7B6ABC2607DC5800F0217E /* PersistanceManager */; };
		2C7B6AC42607DCC200F0217E /* ConsoleSwift in Frameworks */ = {isa = PBXBuildFile; productRef = 2C7B6AC32607DCC200F0217E /* ConsoleSwift */; };
		2C7B6ACB2607DE2700F0217E /* PersistanceManager in Frameworks */ = {isa = PBXBuildFile; productRef = 2C7B6ACA2607DE2700F0217E /* PersistanceManager */; };
		2C7B6ACD2607DE2C00F0217E /* ConsoleSwift in Frameworks */ = {isa = PBXBuildFile; productRef = 2C7B6ACC2607DE2C00F0217E /* ConsoleSwift */; };
		2C87106D262315220063B4A4 /* PlanColumnItem.swift in Sources */ = {isa = PBXBuildFile; fileRef = 2C87106C262315220063B4A4 /* PlanColumnItem.swift */; };
		2C87106E262315220063B4A4 /* PlanColumnItem.swift in Sources */ = {isa = PBXBuildFile; fileRef = 2C87106C262315220063B4A4 /* PlanColumnItem.swift */; };
		2C87107826231D2D0063B4A4 /* SelectionScreen.swift in Sources */ = {isa = PBXBuildFile; fileRef = 2C87107726231D2D0063B4A4 /* SelectionScreen.swift */; };
		2C87107926231D2D0063B4A4 /* SelectionScreen.swift in Sources */ = {isa = PBXBuildFile; fileRef = 2C87107726231D2D0063B4A4 /* SelectionScreen.swift */; };
		2C87107F26231F230063B4A4 /* PlanSelectionScreen.swift in Sources */ = {isa = PBXBuildFile; fileRef = 2C87107E26231F230063B4A4 /* PlanSelectionScreen.swift */; };
		2C87108026231F230063B4A4 /* PlanSelectionScreen.swift in Sources */ = {isa = PBXBuildFile; fileRef = 2C87107E26231F230063B4A4 /* PlanSelectionScreen.swift */; };
		2C893BFD262B56D600963CA2 /* Date+extensions.swift in Sources */ = {isa = PBXBuildFile; fileRef = 2C893BFC262B56D600963CA2 /* Date+extensions.swift */; };
		2C893BFE262B56D600963CA2 /* Date+extensions.swift in Sources */ = {isa = PBXBuildFile; fileRef = 2C893BFC262B56D600963CA2 /* Date+extensions.swift */; };
		2C8AF8E9262F781F0051F0AF /* AddItemButton.swift in Sources */ = {isa = PBXBuildFile; fileRef = 2C8AF8E8262F781F0051F0AF /* AddItemButton.swift */; };
		2C8AF8EA262F781F0051F0AF /* AddItemButton.swift in Sources */ = {isa = PBXBuildFile; fileRef = 2C8AF8E8262F781F0051F0AF /* AddItemButton.swift */; };
		2C8AF8F0262F79CA0051F0AF /* GeneralPlanColumnItem.swift in Sources */ = {isa = PBXBuildFile; fileRef = 2C8AF8EF262F79CA0051F0AF /* GeneralPlanColumnItem.swift */; };
		2C8AF8F1262F79CA0051F0AF /* GeneralPlanColumnItem.swift in Sources */ = {isa = PBXBuildFile; fileRef = 2C8AF8EF262F79CA0051F0AF /* GeneralPlanColumnItem.swift */; };
		2C8C4F112613BE3000AFA2A3 /* DeviceModel.swift in Sources */ = {isa = PBXBuildFile; fileRef = 2C8C4F102613BE3000AFA2A3 /* DeviceModel.swift */; };
		2C8C4F122613BE3000AFA2A3 /* DeviceModel.swift in Sources */ = {isa = PBXBuildFile; fileRef = 2C8C4F102613BE3000AFA2A3 /* DeviceModel.swift */; };
		2C8C4F182613C2D100AFA2A3 /* Color+extensions.swift in Sources */ = {isa = PBXBuildFile; fileRef = 2C8C4F172613C2D100AFA2A3 /* Color+extensions.swift */; };
		2C8C4F192613C2D100AFA2A3 /* Color+extensions.swift in Sources */ = {isa = PBXBuildFile; fileRef = 2C8C4F172613C2D100AFA2A3 /* Color+extensions.swift */; };
		2C99A39826126B6C00A2D029 /* Navigator.swift in Sources */ = {isa = PBXBuildFile; fileRef = 2C99A39726126B6C00A2D029 /* Navigator.swift */; };
		2C99A39926126B6C00A2D029 /* Navigator.swift in Sources */ = {isa = PBXBuildFile; fileRef = 2C99A39726126B6C00A2D029 /* Navigator.swift */; };
		2C99A3A026126EA900A2D029 /* UIDevice+extensions.swift in Sources */ = {isa = PBXBuildFile; fileRef = 2C99A39F26126EA900A2D029 /* UIDevice+extensions.swift */; };
		2C99A3AB2612734900A2D029 /* AppTabView.swift in Sources */ = {isa = PBXBuildFile; fileRef = 2C99A3AA2612734900A2D029 /* AppTabView.swift */; };
		2C99A3B22612764D00A2D029 /* ShrimpExtensions in Frameworks */ = {isa = PBXBuildFile; productRef = 2C99A3B12612764D00A2D029 /* ShrimpExtensions */; };
		2C99A3B82612766800A2D029 /* ShrimpExtensions in Frameworks */ = {isa = PBXBuildFile; productRef = 2C99A3B72612766800A2D029 /* ShrimpExtensions */; };
		2C99A3BE2612788900A2D029 /* EdgeBorder.swift in Sources */ = {isa = PBXBuildFile; fileRef = 2C99A3BD2612788900A2D029 /* EdgeBorder.swift */; };
		2C99A3BF2612788900A2D029 /* EdgeBorder.swift in Sources */ = {isa = PBXBuildFile; fileRef = 2C99A3BD2612788900A2D029 /* EdgeBorder.swift */; };
		2C9AC1C9261A5B570088C4DC /* PCLocale in Frameworks */ = {isa = PBXBuildFile; productRef = 2C9AC1C8261A5B570088C4DC /* PCLocale */; };
		2C9AC1CB261A5B5F0088C4DC /* PCLocale in Frameworks */ = {isa = PBXBuildFile; productRef = 2C9AC1CA261A5B5F0088C4DC /* PCLocale */; };
		2C9BCD0A262B7DF0001DCF49 /* Localizable.strings in Resources */ = {isa = PBXBuildFile; fileRef = 2C9BCD0D262B7DF0001DCF49 /* Localizable.strings */; };
		2C9BCD0B262B7DF0001DCF49 /* Localizable.strings in Resources */ = {isa = PBXBuildFile; fileRef = 2C9BCD0D262B7DF0001DCF49 /* Localizable.strings */; };
		2CA200D8261A236100DC218C /* SheetStack.swift in Sources */ = {isa = PBXBuildFile; fileRef = 2CA200D7261A236100DC218C /* SheetStack.swift */; };
		2CA200D9261A236100DC218C /* SheetStack.swift in Sources */ = {isa = PBXBuildFile; fileRef = 2CA200D7261A236100DC218C /* SheetStack.swift */; };
		2CA200EA261A31A300DC218C /* AddPlanScreen.swift in Sources */ = {isa = PBXBuildFile; fileRef = 2CA200E9261A31A300DC218C /* AddPlanScreen.swift */; };
		2CA200EB261A31A300DC218C /* AddPlanScreen.swift in Sources */ = {isa = PBXBuildFile; fileRef = 2CA200E9261A31A300DC218C /* AddPlanScreen.swift */; };
		2CC13FDC261A44ED003E3EDF /* SalmonUI in Frameworks */ = {isa = PBXBuildFile; productRef = 2CC13FDB261A44ED003E3EDF /* SalmonUI */; };
		2CC13FE2261A44F6003E3EDF /* SalmonUI in Frameworks */ = {isa = PBXBuildFile; productRef = 2CC13FE1261A44F6003E3EDF /* SalmonUI */; };
		2CC13FE8261A47D0003E3EDF /* InputLabel.swift in Sources */ = {isa = PBXBuildFile; fileRef = 2CC13FE7261A47D0003E3EDF /* InputLabel.swift */; };
		2CC13FE9261A47D0003E3EDF /* InputLabel.swift in Sources */ = {isa = PBXBuildFile; fileRef = 2CC13FE7261A47D0003E3EDF /* InputLabel.swift */; };
		2CC13FEF261A50C8003E3EDF /* ScrollableTextView.swift in Sources */ = {isa = PBXBuildFile; fileRef = 2CC13FEE261A50C8003E3EDF /* ScrollableTextView.swift */; };
		2CC13FF0261A50C8003E3EDF /* ScrollableTextView.swift in Sources */ = {isa = PBXBuildFile; fileRef = 2CC13FEE261A50C8003E3EDF /* ScrollableTextView.swift */; };
		2CCBA5C3262C613C008CA78B /* GeneralPlanColumn.swift in Sources */ = {isa = PBXBuildFile; fileRef = 2CCBA5C2262C613C008CA78B /* GeneralPlanColumn.swift */; };
		2CCBA5C4262C613C008CA78B /* GeneralPlanColumn.swift in Sources */ = {isa = PBXBuildFile; fileRef = 2CCBA5C2262C613C008CA78B /* GeneralPlanColumn.swift */; };
		2CD9059B261268B70032BC4B /* AppSidebar.swift in Sources */ = {isa = PBXBuildFile; fileRef = 2CD9059A261268B70032BC4B /* AppSidebar.swift */; };
		2CD9059C261268B70032BC4B /* AppSidebar.swift in Sources */ = {isa = PBXBuildFile; fileRef = 2CD9059A261268B70032BC4B /* AppSidebar.swift */; };
		2CD905A62612699B0032BC4B /* HomeScreen.swift in Sources */ = {isa = PBXBuildFile; fileRef = 2CD905A52612699B0032BC4B /* HomeScreen.swift */; };
		2CD905A72612699B0032BC4B /* HomeScreen.swift in Sources */ = {isa = PBXBuildFile; fileRef = 2CD905A52612699B0032BC4B /* HomeScreen.swift */; };
		2CEA2CC1261782EC009D5AB3 /* PlanModel.swift in Sources */ = {isa = PBXBuildFile; fileRef = 2CEA2CC0261782EC009D5AB3 /* PlanModel.swift */; };
		2CEA2CC2261782EC009D5AB3 /* PlanModel.swift in Sources */ = {isa = PBXBuildFile; fileRef = 2CEA2CC0261782EC009D5AB3 /* PlanModel.swift */; };
		2CEFFC23262C204F003676F8 /* UserData.swift in Sources */ = {isa = PBXBuildFile; fileRef = 2CEFFC22262C204F003676F8 /* UserData.swift */; };
		2CEFFC24262C204F003676F8 /* UserData.swift in Sources */ = {isa = PBXBuildFile; fileRef = 2CEFFC22262C204F003676F8 /* UserData.swift */; };
		2CF04AB5262B1D2800B224BB /* Validator.swift in Sources */ = {isa = PBXBuildFile; fileRef = 2CF04AB4262B1D2800B224BB /* Validator.swift */; };
		2CF04AB6262B1D2800B224BB /* Validator.swift in Sources */ = {isa = PBXBuildFile; fileRef = 2CF04AB4262B1D2800B224BB /* Validator.swift */; };
		60357B3E2616F0DC00D091AE /* PlanColumn.swift in Sources */ = {isa = PBXBuildFile; fileRef = 60357B3D2616F0DC00D091AE /* PlanColumn.swift */; };
		60357B3F2616F0DC00D091AE /* PlanColumn.swift in Sources */ = {isa = PBXBuildFile; fileRef = 60357B3D2616F0DC00D091AE /* PlanColumn.swift */; };
		60357B462616F49600D091AE /* HomeScreen+ViewModel.swift in Sources */ = {isa = PBXBuildFile; fileRef = 60357B452616F49600D091AE /* HomeScreen+ViewModel.swift */; };
		60357B472616F49600D091AE /* HomeScreen+ViewModel.swift in Sources */ = {isa = PBXBuildFile; fileRef = 60357B452616F49600D091AE /* HomeScreen+ViewModel.swift */; };
		60E870D6261F70CF00D3B1A4 /* DateInputRow.swift in Sources */ = {isa = PBXBuildFile; fileRef = 60E870D5261F70CF00D3B1A4 /* DateInputRow.swift */; };
		60E870D7261F70CF00D3B1A4 /* DateInputRow.swift in Sources */ = {isa = PBXBuildFile; fileRef = 60E870D5261F70CF00D3B1A4 /* DateInputRow.swift */; };
/* End PBXBuildFile section */

/* Begin PBXContainerItemProxy section */
		2C7B6A8E2607DBE800F0217E /* PBXContainerItemProxy */ = {
			isa = PBXContainerItemProxy;
			containerPortal = 2C7B6A6E2607DBE700F0217E /* Project object */;
			proxyType = 1;
			remoteGlobalIDString = 2C7B6A7C2607DBE800F0217E;
			remoteInfo = "PlannerCal (iOS)";
		};
		2C7B6A992607DBE800F0217E /* PBXContainerItemProxy */ = {
			isa = PBXContainerItemProxy;
			containerPortal = 2C7B6A6E2607DBE700F0217E /* Project object */;
			proxyType = 1;
			remoteGlobalIDString = 2C7B6A842607DBE800F0217E;
			remoteInfo = "PlannerCal (macOS)";
		};
/* End PBXContainerItemProxy section */

/* Begin PBXFileReference section */
		2C08AA58261CFEF700BE71BA /* AddPlanScreen+ViewModels.swift */ = {isa = PBXFileReference; lastKnownFileType = sourcecode.swift; path = "AddPlanScreen+ViewModels.swift"; sourceTree = "<group>"; };
		2C347AB32619FAAC001F307D /* CorePlan+extension.swift */ = {isa = PBXFileReference; lastKnownFileType = sourcecode.swift; path = "CorePlan+extension.swift"; sourceTree = "<group>"; };
		2C347ABE2619FC9C001F307D /* CorePlan+CoreDataClass.swift */ = {isa = PBXFileReference; lastKnownFileType = sourcecode.swift; path = "CorePlan+CoreDataClass.swift"; sourceTree = "<group>"; };
		2C347ABF2619FC9C001F307D /* CorePlan+CoreDataProperties.swift */ = {isa = PBXFileReference; lastKnownFileType = sourcecode.swift; path = "CorePlan+CoreDataProperties.swift"; sourceTree = "<group>"; };
		2C3A16B22618EA62008FE8BA /* Constants.swift */ = {isa = PBXFileReference; lastKnownFileType = sourcecode.swift; path = Constants.swift; sourceTree = "<group>"; };
		2C42285D26237C94001A1B21 /* PlanSelectionInfoRow.swift */ = {isa = PBXFileReference; lastKnownFileType = sourcecode.swift; path = PlanSelectionInfoRow.swift; sourceTree = "<group>"; };
		2C42286426238823001A1B21 /* ModifyPlan.swift */ = {isa = PBXFileReference; lastKnownFileType = sourcecode.swift; path = ModifyPlan.swift; sourceTree = "<group>"; };
		2C42AAC72617A99A00748787 /* ControlCenter.swift */ = {isa = PBXFileReference; lastKnownFileType = sourcecode.swift; path = ControlCenter.swift; sourceTree = "<group>"; };
		2C7A2992262B730D00883759 /* PlanSelectionScreen+ViewModel.swift */ = {isa = PBXFileReference; lastKnownFileType = sourcecode.swift; path = "PlanSelectionScreen+ViewModel.swift"; sourceTree = "<group>"; };
		2C7B6A742607DBE700F0217E /* Shared.xcdatamodel */ = {isa = PBXFileReference; lastKnownFileType = wrapper.xcdatamodel; path = Shared.xcdatamodel; sourceTree = "<group>"; };
		2C7B6A752607DBE700F0217E /* PlannerCalApp.swift */ = {isa = PBXFileReference; lastKnownFileType = sourcecode.swift; path = PlannerCalApp.swift; sourceTree = "<group>"; };
		2C7B6A762607DBE700F0217E /* ContentView.swift */ = {isa = PBXFileReference; lastKnownFileType = sourcecode.swift; path = ContentView.swift; sourceTree = "<group>"; };
		2C7B6A772607DBE700F0217E /* Persistence.swift */ = {isa = PBXFileReference; lastKnownFileType = sourcecode.swift; path = Persistence.swift; sourceTree = "<group>"; };
		2C7B6A782607DBE800F0217E /* Assets.xcassets */ = {isa = PBXFileReference; lastKnownFileType = folder.assetcatalog; path = Assets.xcassets; sourceTree = "<group>"; };
		2C7B6A7D2607DBE800F0217E /* PlannerCal.app */ = {isa = PBXFileReference; explicitFileType = wrapper.application; includeInIndex = 0; path = PlannerCal.app; sourceTree = BUILT_PRODUCTS_DIR; };
		2C7B6A802607DBE800F0217E /* Info.plist */ = {isa = PBXFileReference; lastKnownFileType = text.plist.xml; path = Info.plist; sourceTree = "<group>"; };
		2C7B6A852607DBE800F0217E /* PlannerCal.app */ = {isa = PBXFileReference; explicitFileType = wrapper.application; includeInIndex = 0; path = PlannerCal.app; sourceTree = BUILT_PRODUCTS_DIR; };
		2C7B6A872607DBE800F0217E /* Info.plist */ = {isa = PBXFileReference; lastKnownFileType = text.plist.xml; path = Info.plist; sourceTree = "<group>"; };
		2C7B6A882607DBE800F0217E /* macOS.entitlements */ = {isa = PBXFileReference; lastKnownFileType = text.plist.entitlements; path = macOS.entitlements; sourceTree = "<group>"; };
		2C7B6A8D2607DBE800F0217E /* Tests iOS.xctest */ = {isa = PBXFileReference; explicitFileType = wrapper.cfbundle; includeInIndex = 0; path = "Tests iOS.xctest"; sourceTree = BUILT_PRODUCTS_DIR; };
		2C7B6A912607DBE800F0217E /* Tests_iOS.swift */ = {isa = PBXFileReference; lastKnownFileType = sourcecode.swift; path = Tests_iOS.swift; sourceTree = "<group>"; };
		2C7B6A932607DBE800F0217E /* Info.plist */ = {isa = PBXFileReference; lastKnownFileType = text.plist.xml; path = Info.plist; sourceTree = "<group>"; };
		2C7B6A982607DBE800F0217E /* Tests macOS.xctest */ = {isa = PBXFileReference; explicitFileType = wrapper.cfbundle; includeInIndex = 0; path = "Tests macOS.xctest"; sourceTree = BUILT_PRODUCTS_DIR; };
		2C7B6A9C2607DBE800F0217E /* Tests_macOS.swift */ = {isa = PBXFileReference; lastKnownFileType = sourcecode.swift; path = Tests_macOS.swift; sourceTree = "<group>"; };
		2C7B6A9E2607DBE800F0217E /* Info.plist */ = {isa = PBXFileReference; lastKnownFileType = text.plist.xml; path = Info.plist; sourceTree = "<group>"; };
		2C87106C262315220063B4A4 /* PlanColumnItem.swift */ = {isa = PBXFileReference; lastKnownFileType = sourcecode.swift; path = PlanColumnItem.swift; sourceTree = "<group>"; };
		2C87107726231D2D0063B4A4 /* SelectionScreen.swift */ = {isa = PBXFileReference; lastKnownFileType = sourcecode.swift; path = SelectionScreen.swift; sourceTree = "<group>"; };
		2C87107E26231F230063B4A4 /* PlanSelectionScreen.swift */ = {isa = PBXFileReference; lastKnownFileType = sourcecode.swift; path = PlanSelectionScreen.swift; sourceTree = "<group>"; };
		2C893BFC262B56D600963CA2 /* Date+extensions.swift */ = {isa = PBXFileReference; lastKnownFileType = sourcecode.swift; path = "Date+extensions.swift"; sourceTree = "<group>"; };
		2C8AF8E8262F781F0051F0AF /* AddItemButton.swift */ = {isa = PBXFileReference; lastKnownFileType = sourcecode.swift; path = AddItemButton.swift; sourceTree = "<group>"; };
		2C8AF8EF262F79CA0051F0AF /* GeneralPlanColumnItem.swift */ = {isa = PBXFileReference; lastKnownFileType = sourcecode.swift; path = GeneralPlanColumnItem.swift; sourceTree = "<group>"; };
		2C8C4F102613BE3000AFA2A3 /* DeviceModel.swift */ = {isa = PBXFileReference; lastKnownFileType = sourcecode.swift; path = DeviceModel.swift; sourceTree = "<group>"; };
		2C8C4F172613C2D100AFA2A3 /* Color+extensions.swift */ = {isa = PBXFileReference; lastKnownFileType = sourcecode.swift; path = "Color+extensions.swift"; sourceTree = "<group>"; };
		2C99A39726126B6C00A2D029 /* Navigator.swift */ = {isa = PBXFileReference; lastKnownFileType = sourcecode.swift; path = Navigator.swift; sourceTree = "<group>"; };
		2C99A39F26126EA900A2D029 /* UIDevice+extensions.swift */ = {isa = PBXFileReference; lastKnownFileType = sourcecode.swift; path = "UIDevice+extensions.swift"; sourceTree = "<group>"; };
		2C99A3AA2612734900A2D029 /* AppTabView.swift */ = {isa = PBXFileReference; lastKnownFileType = sourcecode.swift; path = AppTabView.swift; sourceTree = "<group>"; };
		2C99A3BD2612788900A2D029 /* EdgeBorder.swift */ = {isa = PBXFileReference; lastKnownFileType = sourcecode.swift; path = EdgeBorder.swift; sourceTree = "<group>"; };
		2C9BCD0C262B7DF0001DCF49 /* en */ = {isa = PBXFileReference; lastKnownFileType = text.plist.strings; name = en; path = en.lproj/Localizable.strings; sourceTree = "<group>"; };
		2C9BCD12262B7DF5001DCF49 /* nl */ = {isa = PBXFileReference; lastKnownFileType = text.plist.strings; name = nl; path = nl.lproj/Localizable.strings; sourceTree = "<group>"; };
		2C9BCD17262B8017001DCF49 /* pre-compile.sh */ = {isa = PBXFileReference; lastKnownFileType = text.script.sh; path = "pre-compile.sh"; sourceTree = "<group>"; };
		2CA200D7261A236100DC218C /* SheetStack.swift */ = {isa = PBXFileReference; lastKnownFileType = sourcecode.swift; path = SheetStack.swift; sourceTree = "<group>"; };
		2CA200E9261A31A300DC218C /* AddPlanScreen.swift */ = {isa = PBXFileReference; lastKnownFileType = sourcecode.swift; path = AddPlanScreen.swift; sourceTree = "<group>"; };
		2CC13FE7261A47D0003E3EDF /* InputLabel.swift */ = {isa = PBXFileReference; lastKnownFileType = sourcecode.swift; path = InputLabel.swift; sourceTree = "<group>"; };
		2CC13FEE261A50C8003E3EDF /* ScrollableTextView.swift */ = {isa = PBXFileReference; lastKnownFileType = sourcecode.swift; path = ScrollableTextView.swift; sourceTree = "<group>"; };
		2CC13FF6261A5918003E3EDF /* PCLocale */ = {isa = PBXFileReference; lastKnownFileType = folder; path = PCLocale; sourceTree = "<group>"; };
		2CCBA5C2262C613C008CA78B /* GeneralPlanColumn.swift */ = {isa = PBXFileReference; lastKnownFileType = sourcecode.swift; path = GeneralPlanColumn.swift; sourceTree = "<group>"; };
		2CD9059A261268B70032BC4B /* AppSidebar.swift */ = {isa = PBXFileReference; lastKnownFileType = sourcecode.swift; path = AppSidebar.swift; sourceTree = "<group>"; };
		2CD905A52612699B0032BC4B /* HomeScreen.swift */ = {isa = PBXFileReference; lastKnownFileType = sourcecode.swift; path = HomeScreen.swift; sourceTree = "<group>"; };
		2CEA2CC0261782EC009D5AB3 /* PlanModel.swift */ = {isa = PBXFileReference; lastKnownFileType = sourcecode.swift; path = PlanModel.swift; sourceTree = "<group>"; };
		2CEFFC22262C204F003676F8 /* UserData.swift */ = {isa = PBXFileReference; lastKnownFileType = sourcecode.swift; path = UserData.swift; sourceTree = "<group>"; };
		2CF04AB4262B1D2800B224BB /* Validator.swift */ = {isa = PBXFileReference; lastKnownFileType = sourcecode.swift; path = Validator.swift; sourceTree = "<group>"; };
		2CF484AA261E3F9D003FDFFB /* clear-mac-data.sh */ = {isa = PBXFileReference; lastKnownFileType = text.script.sh; path = "clear-mac-data.sh"; sourceTree = "<group>"; };
		60357B3D2616F0DC00D091AE /* PlanColumn.swift */ = {isa = PBXFileReference; lastKnownFileType = sourcecode.swift; path = PlanColumn.swift; sourceTree = "<group>"; };
		60357B452616F49600D091AE /* HomeScreen+ViewModel.swift */ = {isa = PBXFileReference; lastKnownFileType = sourcecode.swift; path = "HomeScreen+ViewModel.swift"; sourceTree = "<group>"; };
		60E870D5261F70CF00D3B1A4 /* DateInputRow.swift */ = {isa = PBXFileReference; lastKnownFileType = sourcecode.swift; path = DateInputRow.swift; sourceTree = "<group>"; };
/* End PBXFileReference section */

/* Begin PBXFrameworksBuildPhase section */
		2C7B6A7A2607DBE800F0217E /* Frameworks */ = {
			isa = PBXFrameworksBuildPhase;
			buildActionMask = 2147483647;
			files = (
				2CC13FDC261A44ED003E3EDF /* SalmonUI in Frameworks */,
				2C7B6AC42607DCC200F0217E /* ConsoleSwift in Frameworks */,
				2C99A3B22612764D00A2D029 /* ShrimpExtensions in Frameworks */,
				2C9AC1CB261A5B5F0088C4DC /* PCLocale in Frameworks */,
				2C7B6ABD2607DC5800F0217E /* PersistanceManager in Frameworks */,
			);
			runOnlyForDeploymentPostprocessing = 0;
		};
		2C7B6A822607DBE800F0217E /* Frameworks */ = {
			isa = PBXFrameworksBuildPhase;
			buildActionMask = 2147483647;
			files = (
				2CC13FE2261A44F6003E3EDF /* SalmonUI in Frameworks */,
				2C7B6ACD2607DE2C00F0217E /* ConsoleSwift in Frameworks */,
				2C99A3B82612766800A2D029 /* ShrimpExtensions in Frameworks */,
				2C9AC1C9261A5B570088C4DC /* PCLocale in Frameworks */,
				2C7B6ACB2607DE2700F0217E /* PersistanceManager in Frameworks */,
			);
			runOnlyForDeploymentPostprocessing = 0;
		};
		2C7B6A8A2607DBE800F0217E /* Frameworks */ = {
			isa = PBXFrameworksBuildPhase;
			buildActionMask = 2147483647;
			files = (
			);
			runOnlyForDeploymentPostprocessing = 0;
		};
		2C7B6A952607DBE800F0217E /* Frameworks */ = {
			isa = PBXFrameworksBuildPhase;
			buildActionMask = 2147483647;
			files = (
			);
			runOnlyForDeploymentPostprocessing = 0;
		};
/* End PBXFrameworksBuildPhase section */

/* Begin PBXGroup section */
		2C347AB22619FA84001F307D /* CoreData */ = {
			isa = PBXGroup;
			children = (
				2C347AB32619FAAC001F307D /* CorePlan+extension.swift */,
			);
			path = CoreData;
			sourceTree = "<group>";
		};
		2C3A16BD2618EC81008FE8BA /* CoreData */ = {
			isa = PBXGroup;
			children = (
				2C347ABE2619FC9C001F307D /* CorePlan+CoreDataClass.swift */,
				2C347ABF2619FC9C001F307D /* CorePlan+CoreDataProperties.swift */,
				2C7B6A732607DBE700F0217E /* PlannerCal.xcdatamodeld */,
			);
			path = CoreData;
			sourceTree = "<group>";
		};
		2C7B6A6D2607DBE700F0217E = {
			isa = PBXGroup;
			children = (
				2C7B6AC92607DE2700F0217E /* Frameworks */,
				2CC13FF5261A58CA003E3EDF /* Packages */,
				2C7B6A7E2607DBE800F0217E /* Products */,
				2CF484A9261E3F78003FDFFB /* Scripts */,
				2C7B6A722607DBE700F0217E /* Shared */,
				2CE1AD952607E49300CAF769 /* Targets */,
				2CE1AD8C2607E45700CAF769 /* Tests */,
			);
			sourceTree = "<group>";
		};
		2C7B6A722607DBE700F0217E /* Shared */ = {
			isa = PBXGroup;
			children = (
				2C3A16B22618EA62008FE8BA /* Constants.swift */,
				2C7B6A762607DBE700F0217E /* ContentView.swift */,
				2C7B6A752607DBE700F0217E /* PlannerCalApp.swift */,
				2C7B6A782607DBE800F0217E /* Assets.xcassets */,
				2C99A39E26126E5700A2D029 /* Extensions */,
				2C9BCD0D262B7DF0001DCF49 /* Localizable.strings */,
				2C99A39426126B3900A2D029 /* Models */,
				2CD905AF261269E90032BC4B /* Utilities */,
				2CD905AC261269B10032BC4B /* Views */,
			);
			path = Shared;
			sourceTree = "<group>";
		};
		2C7B6A7E2607DBE800F0217E /* Products */ = {
			isa = PBXGroup;
			children = (
				2C7B6A7D2607DBE800F0217E /* PlannerCal.app */,
				2C7B6A852607DBE800F0217E /* PlannerCal.app */,
				2C7B6A8D2607DBE800F0217E /* Tests iOS.xctest */,
				2C7B6A982607DBE800F0217E /* Tests macOS.xctest */,
			);
			name = Products;
			sourceTree = "<group>";
		};
		2C7B6A7F2607DBE800F0217E /* iOS */ = {
			isa = PBXGroup;
			children = (
				2C7B6A802607DBE800F0217E /* Info.plist */,
			);
			path = iOS;
			sourceTree = "<group>";
		};
		2C7B6A862607DBE800F0217E /* macOS */ = {
			isa = PBXGroup;
			children = (
				2C7B6A872607DBE800F0217E /* Info.plist */,
				2C7B6A882607DBE800F0217E /* macOS.entitlements */,
			);
			path = macOS;
			sourceTree = "<group>";
		};
		2C7B6A902607DBE800F0217E /* Tests iOS */ = {
			isa = PBXGroup;
			children = (
				2C7B6A912607DBE800F0217E /* Tests_iOS.swift */,
				2C7B6A932607DBE800F0217E /* Info.plist */,
			);
			path = "Tests iOS";
			sourceTree = "<group>";
		};
		2C7B6A9B2607DBE800F0217E /* Tests macOS */ = {
			isa = PBXGroup;
			children = (
				2C7B6A9C2607DBE800F0217E /* Tests_macOS.swift */,
				2C7B6A9E2607DBE800F0217E /* Info.plist */,
			);
			path = "Tests macOS";
			sourceTree = "<group>";
		};
		2C7B6AC92607DE2700F0217E /* Frameworks */ = {
			isa = PBXGroup;
			children = (
			);
			name = Frameworks;
			sourceTree = "<group>";
		};
		2C99A39426126B3900A2D029 /* Models */ = {
			isa = PBXGroup;
			children = (
				2C3A16BD2618EC81008FE8BA /* CoreData */,
				2C99A39526126B3F00A2D029 /* ViewModels */,
			);
			path = Models;
			sourceTree = "<group>";
		};
		2C99A39526126B3F00A2D029 /* ViewModels */ = {
			isa = PBXGroup;
			children = (
				60357B442616F48200D091AE /* Screen */,
				2C99A39626126B4A00A2D029 /* Enviroment */,
			);
			path = ViewModels;
			sourceTree = "<group>";
		};
		2C99A39626126B4A00A2D029 /* Enviroment */ = {
			isa = PBXGroup;
			children = (
				2C99A39726126B6C00A2D029 /* Navigator.swift */,
				2C8C4F102613BE3000AFA2A3 /* DeviceModel.swift */,
				2CEA2CC0261782EC009D5AB3 /* PlanModel.swift */,
				2CEFFC22262C204F003676F8 /* UserData.swift */,
			);
			path = Enviroment;
			sourceTree = "<group>";
		};
		2C99A39E26126E5700A2D029 /* Extensions */ = {
			isa = PBXGroup;
			children = (
				2C347AB22619FA84001F307D /* CoreData */,
				2C99A39F26126EA900A2D029 /* UIDevice+extensions.swift */,
				2C8C4F172613C2D100AFA2A3 /* Color+extensions.swift */,
				2C893BFC262B56D600963CA2 /* Date+extensions.swift */,
			);
			path = Extensions;
			sourceTree = "<group>";
		};
		2CC13FF5261A58CA003E3EDF /* Packages */ = {
			isa = PBXGroup;
			children = (
				2CC13FF6261A5918003E3EDF /* PCLocale */,
			);
			path = Packages;
			sourceTree = "<group>";
		};
		2CD905AC261269B10032BC4B /* Views */ = {
			isa = PBXGroup;
			children = (
				2CD905AE261269CC0032BC4B /* Screens */,
				2CD905AD261269B90032BC4B /* SupportingViews */,
			);
			path = Views;
			sourceTree = "<group>";
		};
		2CD905AD261269B90032BC4B /* SupportingViews */ = {
			isa = PBXGroup;
			children = (
				2CD9059A261268B70032BC4B /* AppSidebar.swift */,
				2C99A3AA2612734900A2D029 /* AppTabView.swift */,
				2C42AAC72617A99A00748787 /* ControlCenter.swift */,
				60E870D5261F70CF00D3B1A4 /* DateInputRow.swift */,
				2C99A3BD2612788900A2D029 /* EdgeBorder.swift */,
				2CC13FE7261A47D0003E3EDF /* InputLabel.swift */,
				60357B3D2616F0DC00D091AE /* PlanColumn.swift */,
				2C87106C262315220063B4A4 /* PlanColumnItem.swift */,
				2CC13FEE261A50C8003E3EDF /* ScrollableTextView.swift */,
				2CA200D7261A236100DC218C /* SheetStack.swift */,
				2C42285D26237C94001A1B21 /* PlanSelectionInfoRow.swift */,
				2C42286426238823001A1B21 /* ModifyPlan.swift */,
				2CCBA5C2262C613C008CA78B /* GeneralPlanColumn.swift */,
				2C8AF8E8262F781F0051F0AF /* AddItemButton.swift */,
				2C8AF8EF262F79CA0051F0AF /* GeneralPlanColumnItem.swift */,
			);
			path = SupportingViews;
			sourceTree = "<group>";
		};
		2CD905AE261269CC0032BC4B /* Screens */ = {
			isa = PBXGroup;
			children = (
				2C87107E26231F230063B4A4 /* PlanSelectionScreen.swift */,
				2C87107726231D2D0063B4A4 /* SelectionScreen.swift */,
				2CA200E9261A31A300DC218C /* AddPlanScreen.swift */,
				2CD905A52612699B0032BC4B /* HomeScreen.swift */,
			);
			path = Screens;
			sourceTree = "<group>";
		};
		2CD905AF261269E90032BC4B /* Utilities */ = {
			isa = PBXGroup;
			children = (
				2C7B6A772607DBE700F0217E /* Persistence.swift */,
				2CF04AB4262B1D2800B224BB /* Validator.swift */,
			);
			path = Utilities;
			sourceTree = "<group>";
		};
		2CE1AD8C2607E45700CAF769 /* Tests */ = {
			isa = PBXGroup;
			children = (
				2C7B6A9B2607DBE800F0217E /* Tests macOS */,
				2C7B6A902607DBE800F0217E /* Tests iOS */,
			);
			path = Tests;
			sourceTree = "<group>";
		};
		2CE1AD952607E49300CAF769 /* Targets */ = {
			isa = PBXGroup;
			children = (
				2C7B6A862607DBE800F0217E /* macOS */,
				2C7B6A7F2607DBE800F0217E /* iOS */,
			);
			path = Targets;
			sourceTree = "<group>";
		};
		2CF484A9261E3F78003FDFFB /* Scripts */ = {
			isa = PBXGroup;
			children = (
				2CF484AA261E3F9D003FDFFB /* clear-mac-data.sh */,
				2C9BCD17262B8017001DCF49 /* pre-compile.sh */,
			);
			path = Scripts;
			sourceTree = "<group>";
		};
		60357B442616F48200D091AE /* Screen */ = {
			isa = PBXGroup;
			children = (
				60357B452616F49600D091AE /* HomeScreen+ViewModel.swift */,
				2C08AA58261CFEF700BE71BA /* AddPlanScreen+ViewModels.swift */,
				2C7A2992262B730D00883759 /* PlanSelectionScreen+ViewModel.swift */,
			);
			path = Screen;
			sourceTree = "<group>";
		};
/* End PBXGroup section */

/* Begin PBXNativeTarget section */
		2C7B6A7C2607DBE800F0217E /* PlannerCal (iOS) */ = {
			isa = PBXNativeTarget;
			buildConfigurationList = 2C7B6AAB2607DBE800F0217E /* Build configuration list for PBXNativeTarget "PlannerCal (iOS)" */;
			buildPhases = (
				2C893C0D262B585300963CA2 /* Pre Compile */,
				2C7B6A792607DBE800F0217E /* Sources */,
				2C7B6A7A2607DBE800F0217E /* Frameworks */,
				2C7B6A7B2607DBE800F0217E /* Resources */,
			);
			buildRules = (
			);
			dependencies = (
			);
			name = "PlannerCal (iOS)";
			packageProductDependencies = (
				2C7B6ABC2607DC5800F0217E /* PersistanceManager */,
				2C7B6AC32607DCC200F0217E /* ConsoleSwift */,
				2C99A3B12612764D00A2D029 /* ShrimpExtensions */,
				2CC13FDB261A44ED003E3EDF /* SalmonUI */,
				2C9AC1CA261A5B5F0088C4DC /* PCLocale */,
			);
			productName = "PlannerCal (iOS)";
			productReference = 2C7B6A7D2607DBE800F0217E /* PlannerCal.app */;
			productType = "com.apple.product-type.application";
		};
		2C7B6A842607DBE800F0217E /* PlannerCal (macOS) */ = {
			isa = PBXNativeTarget;
			buildConfigurationList = 2C7B6AAE2607DBE800F0217E /* Build configuration list for PBXNativeTarget "PlannerCal (macOS)" */;
			buildPhases = (
				2C893C0C262B583800963CA2 /* Pre Compile */,
				2C7B6A812607DBE800F0217E /* Sources */,
				2C7B6A822607DBE800F0217E /* Frameworks */,
				2C7B6A832607DBE800F0217E /* Resources */,
			);
			buildRules = (
			);
			dependencies = (
			);
			name = "PlannerCal (macOS)";
			packageProductDependencies = (
				2C7B6ACA2607DE2700F0217E /* PersistanceManager */,
				2C7B6ACC2607DE2C00F0217E /* ConsoleSwift */,
				2C99A3B72612766800A2D029 /* ShrimpExtensions */,
				2CC13FE1261A44F6003E3EDF /* SalmonUI */,
				2C9AC1C8261A5B570088C4DC /* PCLocale */,
			);
			productName = "PlannerCal (macOS)";
			productReference = 2C7B6A852607DBE800F0217E /* PlannerCal.app */;
			productType = "com.apple.product-type.application";
		};
		2C7B6A8C2607DBE800F0217E /* Tests iOS */ = {
			isa = PBXNativeTarget;
			buildConfigurationList = 2C7B6AB12607DBE800F0217E /* Build configuration list for PBXNativeTarget "Tests iOS" */;
			buildPhases = (
				2C7B6A892607DBE800F0217E /* Sources */,
				2C7B6A8A2607DBE800F0217E /* Frameworks */,
				2C7B6A8B2607DBE800F0217E /* Resources */,
			);
			buildRules = (
			);
			dependencies = (
				2C7B6A8F2607DBE800F0217E /* PBXTargetDependency */,
			);
			name = "Tests iOS";
			productName = "Tests iOS";
			productReference = 2C7B6A8D2607DBE800F0217E /* Tests iOS.xctest */;
			productType = "com.apple.product-type.bundle.ui-testing";
		};
		2C7B6A972607DBE800F0217E /* Tests macOS */ = {
			isa = PBXNativeTarget;
			buildConfigurationList = 2C7B6AB42607DBE800F0217E /* Build configuration list for PBXNativeTarget "Tests macOS" */;
			buildPhases = (
				2C7B6A942607DBE800F0217E /* Sources */,
				2C7B6A952607DBE800F0217E /* Frameworks */,
				2C7B6A962607DBE800F0217E /* Resources */,
			);
			buildRules = (
			);
			dependencies = (
				2C7B6A9A2607DBE800F0217E /* PBXTargetDependency */,
			);
			name = "Tests macOS";
			productName = "Tests macOS";
			productReference = 2C7B6A982607DBE800F0217E /* Tests macOS.xctest */;
			productType = "com.apple.product-type.bundle.ui-testing";
		};
/* End PBXNativeTarget section */

/* Begin PBXProject section */
		2C7B6A6E2607DBE700F0217E /* Project object */ = {
			isa = PBXProject;
			attributes = {
				LastSwiftUpdateCheck = 1240;
				LastUpgradeCheck = 1240;
				TargetAttributes = {
					2C7B6A7C2607DBE800F0217E = {
						CreatedOnToolsVersion = 12.4;
					};
					2C7B6A842607DBE800F0217E = {
						CreatedOnToolsVersion = 12.4;
					};
					2C7B6A8C2607DBE800F0217E = {
						CreatedOnToolsVersion = 12.4;
						TestTargetID = 2C7B6A7C2607DBE800F0217E;
					};
					2C7B6A972607DBE800F0217E = {
						CreatedOnToolsVersion = 12.4;
						TestTargetID = 2C7B6A842607DBE800F0217E;
					};
				};
			};
			buildConfigurationList = 2C7B6A712607DBE700F0217E /* Build configuration list for PBXProject "PlannerCal" */;
			compatibilityVersion = "Xcode 9.3";
			developmentRegion = en;
			hasScannedForEncodings = 0;
			knownRegions = (
				en,
				Base,
				nl,
			);
			mainGroup = 2C7B6A6D2607DBE700F0217E;
			packageReferences = (
				2C7B6ABB2607DC5800F0217E /* XCRemoteSwiftPackageReference "PersistanceManager" */,
				2C7B6AC22607DCC200F0217E /* XCRemoteSwiftPackageReference "ConsoleSwift" */,
				2C99A3B02612764D00A2D029 /* XCRemoteSwiftPackageReference "ShrimpExtensions" */,
				2CC13FDA261A44ED003E3EDF /* XCRemoteSwiftPackageReference "SalmonUI" */,
			);
			productRefGroup = 2C7B6A7E2607DBE800F0217E /* Products */;
			projectDirPath = "";
			projectRoot = "";
			targets = (
				2C7B6A7C2607DBE800F0217E /* PlannerCal (iOS) */,
				2C7B6A842607DBE800F0217E /* PlannerCal (macOS) */,
				2C7B6A8C2607DBE800F0217E /* Tests iOS */,
				2C7B6A972607DBE800F0217E /* Tests macOS */,
			);
		};
/* End PBXProject section */

/* Begin PBXResourcesBuildPhase section */
		2C7B6A7B2607DBE800F0217E /* Resources */ = {
			isa = PBXResourcesBuildPhase;
			buildActionMask = 2147483647;
			files = (
				2C7B6AA72607DBE800F0217E /* Assets.xcassets in Resources */,
				2C9BCD0A262B7DF0001DCF49 /* Localizable.strings in Resources */,
			);
			runOnlyForDeploymentPostprocessing = 0;
		};
		2C7B6A832607DBE800F0217E /* Resources */ = {
			isa = PBXResourcesBuildPhase;
			buildActionMask = 2147483647;
			files = (
				2C7B6AA82607DBE800F0217E /* Assets.xcassets in Resources */,
				2C9BCD0B262B7DF0001DCF49 /* Localizable.strings in Resources */,
			);
			runOnlyForDeploymentPostprocessing = 0;
		};
		2C7B6A8B2607DBE800F0217E /* Resources */ = {
			isa = PBXResourcesBuildPhase;
			buildActionMask = 2147483647;
			files = (
			);
			runOnlyForDeploymentPostprocessing = 0;
		};
		2C7B6A962607DBE800F0217E /* Resources */ = {
			isa = PBXResourcesBuildPhase;
			buildActionMask = 2147483647;
			files = (
			);
			runOnlyForDeploymentPostprocessing = 0;
		};
/* End PBXResourcesBuildPhase section */

/* Begin PBXShellScriptBuildPhase section */
		2C893C0C262B583800963CA2 /* Pre Compile */ = {
			isa = PBXShellScriptBuildPhase;
			buildActionMask = 2147483647;
			files = (
			);
			inputFileListPaths = (
			);
			inputPaths = (
			);
			name = "Pre Compile";
			outputFileListPaths = (
			);
			outputPaths = (
			);
			runOnlyForDeploymentPostprocessing = 0;
			shellPath = /bin/sh;
			shellScript = "\nsh Scripts/pre-compile.sh\n";
		};
		2C893C0D262B585300963CA2 /* Pre Compile */ = {
			isa = PBXShellScriptBuildPhase;
			buildActionMask = 2147483647;
			files = (
			);
			inputFileListPaths = (
			);
			inputPaths = (
			);
			name = "Pre Compile";
			outputFileListPaths = (
			);
			outputPaths = (
			);
			runOnlyForDeploymentPostprocessing = 0;
			shellPath = /bin/sh;
			shellScript = "\nsh Scripts/pre-compile.sh\n";
		};
/* End PBXShellScriptBuildPhase section */

/* Begin PBXSourcesBuildPhase section */
		2C7B6A792607DBE800F0217E /* Sources */ = {
			isa = PBXSourcesBuildPhase;
			buildActionMask = 2147483647;
			files = (
				2C42AAC82617A99A00748787 /* ControlCenter.swift in Sources */,
				2C87107F26231F230063B4A4 /* PlanSelectionScreen.swift in Sources */,
				2C3A16B32618EA62008FE8BA /* Constants.swift in Sources */,
				2C87107826231D2D0063B4A4 /* SelectionScreen.swift in Sources */,
				2C99A39826126B6C00A2D029 /* Navigator.swift in Sources */,
				2CC13FE8261A47D0003E3EDF /* InputLabel.swift in Sources */,
				2C87106D262315220063B4A4 /* PlanColumnItem.swift in Sources */,
				2C8AF8E9262F781F0051F0AF /* AddItemButton.swift in Sources */,
				2C347AC02619FC9C001F307D /* CorePlan+CoreDataClass.swift in Sources */,
				2C42285E26237C94001A1B21 /* PlanSelectionInfoRow.swift in Sources */,
				60E870D6261F70CF00D3B1A4 /* DateInputRow.swift in Sources */,
				2C7B6A9F2607DBE800F0217E /* PlannerCal.xcdatamodeld in Sources */,
				2CC13FEF261A50C8003E3EDF /* ScrollableTextView.swift in Sources */,
				2C42286526238823001A1B21 /* ModifyPlan.swift in Sources */,
				60357B3E2616F0DC00D091AE /* PlanColumn.swift in Sources */,
				2C7B6AA52607DBE800F0217E /* Persistence.swift in Sources */,
				2C893BFD262B56D600963CA2 /* Date+extensions.swift in Sources */,
				2C8C4F182613C2D100AFA2A3 /* Color+extensions.swift in Sources */,
				2CF04AB5262B1D2800B224BB /* Validator.swift in Sources */,
				2CEA2CC1261782EC009D5AB3 /* PlanModel.swift in Sources */,
				2C08AA59261CFEF700BE71BA /* AddPlanScreen+ViewModels.swift in Sources */,
				2C7A2993262B730D00883759 /* PlanSelectionScreen+ViewModel.swift in Sources */,
				2C347AC22619FC9C001F307D /* CorePlan+CoreDataProperties.swift in Sources */,
				2CA200D8261A236100DC218C /* SheetStack.swift in Sources */,
				2C8AF8F0262F79CA0051F0AF /* GeneralPlanColumnItem.swift in Sources */,
				2CEFFC23262C204F003676F8 /* UserData.swift in Sources */,
				2C99A3AB2612734900A2D029 /* AppTabView.swift in Sources */,
				2CCBA5C3262C613C008CA78B /* GeneralPlanColumn.swift in Sources */,
				2C99A3BE2612788900A2D029 /* EdgeBorder.swift in Sources */,
				2C347AB42619FAAC001F307D /* CorePlan+extension.swift in Sources */,
				2CD905A62612699B0032BC4B /* HomeScreen.swift in Sources */,
				2C7B6AA12607DBE800F0217E /* PlannerCalApp.swift in Sources */,
				2CA200EA261A31A300DC218C /* AddPlanScreen.swift in Sources */,
				2C99A3A026126EA900A2D029 /* UIDevice+extensions.swift in Sources */,
				2C8C4F112613BE3000AFA2A3 /* DeviceModel.swift in Sources */,
				2C7B6AA32607DBE800F0217E /* ContentView.swift in Sources */,
				2CD9059B261268B70032BC4B /* AppSidebar.swift in Sources */,
				60357B462616F49600D091AE /* HomeScreen+ViewModel.swift in Sources */,
			);
			runOnlyForDeploymentPostprocessing = 0;
		};
		2C7B6A812607DBE800F0217E /* Sources */ = {
			isa = PBXSourcesBuildPhase;
			buildActionMask = 2147483647;
			files = (
				2C87106E262315220063B4A4 /* PlanColumnItem.swift in Sources */,
				2CCBA5C4262C613C008CA78B /* GeneralPlanColumn.swift in Sources */,
				2C42286626238823001A1B21 /* ModifyPlan.swift in Sources */,
				2C99A39926126B6C00A2D029 /* Navigator.swift in Sources */,
				2C8AF8F1262F79CA0051F0AF /* GeneralPlanColumnItem.swift in Sources */,
				2CEA2CC2261782EC009D5AB3 /* PlanModel.swift in Sources */,
				2C42AAC92617A99A00748787 /* ControlCenter.swift in Sources */,
				60357B472616F49600D091AE /* HomeScreen+ViewModel.swift in Sources */,
				2CC13FF0261A50C8003E3EDF /* ScrollableTextView.swift in Sources */,
				2C87107926231D2D0063B4A4 /* SelectionScreen.swift in Sources */,
				2C7B6AA02607DBE800F0217E /* PlannerCal.xcdatamodeld in Sources */,
				2C3A16B42618EA62008FE8BA /* Constants.swift in Sources */,
				2C7B6AA62607DBE800F0217E /* Persistence.swift in Sources */,
				2C8C4F192613C2D100AFA2A3 /* Color+extensions.swift in Sources */,
				60357B3F2616F0DC00D091AE /* PlanColumn.swift in Sources */,
				2CD905A72612699B0032BC4B /* HomeScreen.swift in Sources */,
				60E870D7261F70CF00D3B1A4 /* DateInputRow.swift in Sources */,
				2C08AA5A261CFEF700BE71BA /* AddPlanScreen+ViewModels.swift in Sources */,
				2CC13FE9261A47D0003E3EDF /* InputLabel.swift in Sources */,
				2C7B6AA22607DBE800F0217E /* PlannerCalApp.swift in Sources */,
				2C347AB52619FAAC001F307D /* CorePlan+extension.swift in Sources */,
				2C42285F26237C94001A1B21 /* PlanSelectionInfoRow.swift in Sources */,
				2C8C4F122613BE3000AFA2A3 /* DeviceModel.swift in Sources */,
				2C347AC32619FC9C001F307D /* CorePlan+CoreDataProperties.swift in Sources */,
				2C7A2994262B730D00883759 /* PlanSelectionScreen+ViewModel.swift in Sources */,
				2CF04AB6262B1D2800B224BB /* Validator.swift in Sources */,
				2CA200EB261A31A300DC218C /* AddPlanScreen.swift in Sources */,
				2C893BFE262B56D600963CA2 /* Date+extensions.swift in Sources */,
				2C7B6AA42607DBE800F0217E /* ContentView.swift in Sources */,
				2CEFFC24262C204F003676F8 /* UserData.swift in Sources */,
				2C87108026231F230063B4A4 /* PlanSelectionScreen.swift in Sources */,
				2CA200D9261A236100DC218C /* SheetStack.swift in Sources */,
				2C347AC12619FC9C001F307D /* CorePlan+CoreDataClass.swift in Sources */,
				2C99A3BF2612788900A2D029 /* EdgeBorder.swift in Sources */,
				2CD9059C261268B70032BC4B /* AppSidebar.swift in Sources */,
				2C8AF8EA262F781F0051F0AF /* AddItemButton.swift in Sources */,
			);
			runOnlyForDeploymentPostprocessing = 0;
		};
		2C7B6A892607DBE800F0217E /* Sources */ = {
			isa = PBXSourcesBuildPhase;
			buildActionMask = 2147483647;
			files = (
				2C7B6A922607DBE800F0217E /* Tests_iOS.swift in Sources */,
			);
			runOnlyForDeploymentPostprocessing = 0;
		};
		2C7B6A942607DBE800F0217E /* Sources */ = {
			isa = PBXSourcesBuildPhase;
			buildActionMask = 2147483647;
			files = (
				2C7B6A9D2607DBE800F0217E /* Tests_macOS.swift in Sources */,
			);
			runOnlyForDeploymentPostprocessing = 0;
		};
/* End PBXSourcesBuildPhase section */

/* Begin PBXTargetDependency section */
		2C7B6A8F2607DBE800F0217E /* PBXTargetDependency */ = {
			isa = PBXTargetDependency;
			target = 2C7B6A7C2607DBE800F0217E /* PlannerCal (iOS) */;
			targetProxy = 2C7B6A8E2607DBE800F0217E /* PBXContainerItemProxy */;
		};
		2C7B6A9A2607DBE800F0217E /* PBXTargetDependency */ = {
			isa = PBXTargetDependency;
			target = 2C7B6A842607DBE800F0217E /* PlannerCal (macOS) */;
			targetProxy = 2C7B6A992607DBE800F0217E /* PBXContainerItemProxy */;
		};
/* End PBXTargetDependency section */

/* Begin PBXVariantGroup section */
		2C9BCD0D262B7DF0001DCF49 /* Localizable.strings */ = {
			isa = PBXVariantGroup;
			children = (
				2C9BCD0C262B7DF0001DCF49 /* en */,
				2C9BCD12262B7DF5001DCF49 /* nl */,
			);
			name = Localizable.strings;
			sourceTree = "<group>";
		};
/* End PBXVariantGroup section */

/* Begin XCBuildConfiguration section */
		2C7B6AA92607DBE800F0217E /* Debug */ = {
			isa = XCBuildConfiguration;
			buildSettings = {
				ALWAYS_SEARCH_USER_PATHS = NO;
				CLANG_ANALYZER_NONNULL = YES;
				CLANG_ANALYZER_NUMBER_OBJECT_CONVERSION = YES_AGGRESSIVE;
				CLANG_CXX_LANGUAGE_STANDARD = "gnu++14";
				CLANG_CXX_LIBRARY = "libc++";
				CLANG_ENABLE_MODULES = YES;
				CLANG_ENABLE_OBJC_ARC = YES;
				CLANG_ENABLE_OBJC_WEAK = YES;
				CLANG_WARN_BLOCK_CAPTURE_AUTORELEASING = YES;
				CLANG_WARN_BOOL_CONVERSION = YES;
				CLANG_WARN_COMMA = YES;
				CLANG_WARN_CONSTANT_CONVERSION = YES;
				CLANG_WARN_DEPRECATED_OBJC_IMPLEMENTATIONS = YES;
				CLANG_WARN_DIRECT_OBJC_ISA_USAGE = YES_ERROR;
				CLANG_WARN_DOCUMENTATION_COMMENTS = YES;
				CLANG_WARN_EMPTY_BODY = YES;
				CLANG_WARN_ENUM_CONVERSION = YES;
				CLANG_WARN_INFINITE_RECURSION = YES;
				CLANG_WARN_INT_CONVERSION = YES;
				CLANG_WARN_NON_LITERAL_NULL_CONVERSION = YES;
				CLANG_WARN_OBJC_IMPLICIT_RETAIN_SELF = YES;
				CLANG_WARN_OBJC_LITERAL_CONVERSION = YES;
				CLANG_WARN_OBJC_ROOT_CLASS = YES_ERROR;
				CLANG_WARN_QUOTED_INCLUDE_IN_FRAMEWORK_HEADER = YES;
				CLANG_WARN_RANGE_LOOP_ANALYSIS = YES;
				CLANG_WARN_STRICT_PROTOTYPES = YES;
				CLANG_WARN_SUSPICIOUS_MOVE = YES;
				CLANG_WARN_UNGUARDED_AVAILABILITY = YES_AGGRESSIVE;
				CLANG_WARN_UNREACHABLE_CODE = YES;
				CLANG_WARN__DUPLICATE_METHOD_MATCH = YES;
				COPY_PHASE_STRIP = NO;
				DEBUG_INFORMATION_FORMAT = dwarf;
				ENABLE_STRICT_OBJC_MSGSEND = YES;
				ENABLE_TESTABILITY = YES;
				GCC_C_LANGUAGE_STANDARD = gnu11;
				GCC_DYNAMIC_NO_PIC = NO;
				GCC_NO_COMMON_BLOCKS = YES;
				GCC_OPTIMIZATION_LEVEL = 0;
				GCC_PREPROCESSOR_DEFINITIONS = (
					"DEBUG=1",
					"$(inherited)",
				);
				GCC_WARN_64_TO_32_BIT_CONVERSION = YES;
				GCC_WARN_ABOUT_RETURN_TYPE = YES_ERROR;
				GCC_WARN_UNDECLARED_SELECTOR = YES;
				GCC_WARN_UNINITIALIZED_AUTOS = YES_AGGRESSIVE;
				GCC_WARN_UNUSED_FUNCTION = YES;
				GCC_WARN_UNUSED_VARIABLE = YES;
				IPHONEOS_DEPLOYMENT_TARGET = 14.1;
				MACOSX_DEPLOYMENT_TARGET = 11.0;
				MTL_ENABLE_DEBUG_INFO = INCLUDE_SOURCE;
				MTL_FAST_MATH = YES;
				ONLY_ACTIVE_ARCH = YES;
				SWIFT_ACTIVE_COMPILATION_CONDITIONS = DEBUG;
				SWIFT_OPTIMIZATION_LEVEL = "-Onone";
			};
			name = Debug;
		};
		2C7B6AAA2607DBE800F0217E /* Release */ = {
			isa = XCBuildConfiguration;
			buildSettings = {
				ALWAYS_SEARCH_USER_PATHS = NO;
				CLANG_ANALYZER_NONNULL = YES;
				CLANG_ANALYZER_NUMBER_OBJECT_CONVERSION = YES_AGGRESSIVE;
				CLANG_CXX_LANGUAGE_STANDARD = "gnu++14";
				CLANG_CXX_LIBRARY = "libc++";
				CLANG_ENABLE_MODULES = YES;
				CLANG_ENABLE_OBJC_ARC = YES;
				CLANG_ENABLE_OBJC_WEAK = YES;
				CLANG_WARN_BLOCK_CAPTURE_AUTORELEASING = YES;
				CLANG_WARN_BOOL_CONVERSION = YES;
				CLANG_WARN_COMMA = YES;
				CLANG_WARN_CONSTANT_CONVERSION = YES;
				CLANG_WARN_DEPRECATED_OBJC_IMPLEMENTATIONS = YES;
				CLANG_WARN_DIRECT_OBJC_ISA_USAGE = YES_ERROR;
				CLANG_WARN_DOCUMENTATION_COMMENTS = YES;
				CLANG_WARN_EMPTY_BODY = YES;
				CLANG_WARN_ENUM_CONVERSION = YES;
				CLANG_WARN_INFINITE_RECURSION = YES;
				CLANG_WARN_INT_CONVERSION = YES;
				CLANG_WARN_NON_LITERAL_NULL_CONVERSION = YES;
				CLANG_WARN_OBJC_IMPLICIT_RETAIN_SELF = YES;
				CLANG_WARN_OBJC_LITERAL_CONVERSION = YES;
				CLANG_WARN_OBJC_ROOT_CLASS = YES_ERROR;
				CLANG_WARN_QUOTED_INCLUDE_IN_FRAMEWORK_HEADER = YES;
				CLANG_WARN_RANGE_LOOP_ANALYSIS = YES;
				CLANG_WARN_STRICT_PROTOTYPES = YES;
				CLANG_WARN_SUSPICIOUS_MOVE = YES;
				CLANG_WARN_UNGUARDED_AVAILABILITY = YES_AGGRESSIVE;
				CLANG_WARN_UNREACHABLE_CODE = YES;
				CLANG_WARN__DUPLICATE_METHOD_MATCH = YES;
				COPY_PHASE_STRIP = NO;
				DEBUG_INFORMATION_FORMAT = "dwarf-with-dsym";
				ENABLE_NS_ASSERTIONS = NO;
				ENABLE_STRICT_OBJC_MSGSEND = YES;
				GCC_C_LANGUAGE_STANDARD = gnu11;
				GCC_NO_COMMON_BLOCKS = YES;
				GCC_WARN_64_TO_32_BIT_CONVERSION = YES;
				GCC_WARN_ABOUT_RETURN_TYPE = YES_ERROR;
				GCC_WARN_UNDECLARED_SELECTOR = YES;
				GCC_WARN_UNINITIALIZED_AUTOS = YES_AGGRESSIVE;
				GCC_WARN_UNUSED_FUNCTION = YES;
				GCC_WARN_UNUSED_VARIABLE = YES;
				IPHONEOS_DEPLOYMENT_TARGET = 14.1;
				MACOSX_DEPLOYMENT_TARGET = 11.0;
				MTL_ENABLE_DEBUG_INFO = NO;
				MTL_FAST_MATH = YES;
				SWIFT_COMPILATION_MODE = wholemodule;
				SWIFT_OPTIMIZATION_LEVEL = "-O";
			};
			name = Release;
		};
		2C7B6AAC2607DBE800F0217E /* Debug */ = {
			isa = XCBuildConfiguration;
			buildSettings = {
				ASSETCATALOG_COMPILER_APPICON_NAME = AppIcon;
				ASSETCATALOG_COMPILER_GLOBAL_ACCENT_COLOR_NAME = AccentColor;
				CODE_SIGN_STYLE = Automatic;
				DEVELOPMENT_TEAM = DXUKH9VF73;
				ENABLE_PREVIEWS = YES;
				INFOPLIST_FILE = Targets/iOS/Info.plist;
				IPHONEOS_DEPLOYMENT_TARGET = 14.0;
				LD_RUNPATH_SEARCH_PATHS = (
					"$(inherited)",
					"@executable_path/Frameworks",
				);
				PRODUCT_BUNDLE_IDENTIFIER = io.kamaal.PlannerCal;
				PRODUCT_NAME = PlannerCal;
				SDKROOT = iphoneos;
				SWIFT_VERSION = 5.0;
				TARGETED_DEVICE_FAMILY = "1,2";
			};
			name = Debug;
		};
		2C7B6AAD2607DBE800F0217E /* Release */ = {
			isa = XCBuildConfiguration;
			buildSettings = {
				ASSETCATALOG_COMPILER_APPICON_NAME = AppIcon;
				ASSETCATALOG_COMPILER_GLOBAL_ACCENT_COLOR_NAME = AccentColor;
				CODE_SIGN_STYLE = Automatic;
				DEVELOPMENT_TEAM = DXUKH9VF73;
				ENABLE_PREVIEWS = YES;
				INFOPLIST_FILE = Targets/iOS/Info.plist;
				IPHONEOS_DEPLOYMENT_TARGET = 14.0;
				LD_RUNPATH_SEARCH_PATHS = (
					"$(inherited)",
					"@executable_path/Frameworks",
				);
				PRODUCT_BUNDLE_IDENTIFIER = io.kamaal.PlannerCal;
				PRODUCT_NAME = PlannerCal;
				SDKROOT = iphoneos;
				SWIFT_VERSION = 5.0;
				TARGETED_DEVICE_FAMILY = "1,2";
				VALIDATE_PRODUCT = YES;
			};
			name = Release;
		};
		2C7B6AAF2607DBE800F0217E /* Debug */ = {
			isa = XCBuildConfiguration;
			buildSettings = {
				ASSETCATALOG_COMPILER_APPICON_NAME = AppIcon;
				ASSETCATALOG_COMPILER_GLOBAL_ACCENT_COLOR_NAME = AccentColor;
				CODE_SIGN_ENTITLEMENTS = Targets/macOS/macOS.entitlements;
				CODE_SIGN_IDENTITY = "Apple Development";
				CODE_SIGN_STYLE = Automatic;
				COMBINE_HIDPI_IMAGES = YES;
				DEVELOPMENT_TEAM = DXUKH9VF73;
				ENABLE_HARDENED_RUNTIME = YES;
				ENABLE_PREVIEWS = YES;
				INFOPLIST_FILE = Targets/macOS/Info.plist;
				LD_RUNPATH_SEARCH_PATHS = (
					"$(inherited)",
					"@executable_path/../Frameworks",
				);
				MACOSX_DEPLOYMENT_TARGET = 11.0;
				PRODUCT_BUNDLE_IDENTIFIER = io.kamaal.PlannerCal;
				PRODUCT_NAME = PlannerCal;
				SDKROOT = macosx;
				SWIFT_VERSION = 5.0;
			};
			name = Debug;
		};
		2C7B6AB02607DBE800F0217E /* Release */ = {
			isa = XCBuildConfiguration;
			buildSettings = {
				ASSETCATALOG_COMPILER_APPICON_NAME = AppIcon;
				ASSETCATALOG_COMPILER_GLOBAL_ACCENT_COLOR_NAME = AccentColor;
				CODE_SIGN_ENTITLEMENTS = Targets/macOS/macOS.entitlements;
				CODE_SIGN_IDENTITY = "Apple Development";
				CODE_SIGN_STYLE = Automatic;
				COMBINE_HIDPI_IMAGES = YES;
				DEVELOPMENT_TEAM = DXUKH9VF73;
				ENABLE_HARDENED_RUNTIME = YES;
				ENABLE_PREVIEWS = YES;
				INFOPLIST_FILE = Targets/macOS/Info.plist;
				LD_RUNPATH_SEARCH_PATHS = (
					"$(inherited)",
					"@executable_path/../Frameworks",
				);
				MACOSX_DEPLOYMENT_TARGET = 11.0;
				PRODUCT_BUNDLE_IDENTIFIER = io.kamaal.PlannerCal;
				PRODUCT_NAME = PlannerCal;
				SDKROOT = macosx;
				SWIFT_VERSION = 5.0;
			};
			name = Release;
		};
		2C7B6AB22607DBE800F0217E /* Debug */ = {
			isa = XCBuildConfiguration;
			buildSettings = {
				ALWAYS_EMBED_SWIFT_STANDARD_LIBRARIES = YES;
				CODE_SIGN_STYLE = Automatic;
				DEVELOPMENT_TEAM = DXUKH9VF73;
				INFOPLIST_FILE = "Tests/Tests iOS/Info.plist";
				IPHONEOS_DEPLOYMENT_TARGET = 14.4;
				LD_RUNPATH_SEARCH_PATHS = (
					"$(inherited)",
					"@executable_path/Frameworks",
					"@loader_path/Frameworks",
				);
				PRODUCT_BUNDLE_IDENTIFIER = "io.kamaal.Tests-iOS";
				PRODUCT_NAME = "$(TARGET_NAME)";
				SDKROOT = iphoneos;
				SWIFT_VERSION = 5.0;
				TARGETED_DEVICE_FAMILY = "1,2";
				TEST_TARGET_NAME = "PlannerCal (iOS)";
			};
			name = Debug;
		};
		2C7B6AB32607DBE800F0217E /* Release */ = {
			isa = XCBuildConfiguration;
			buildSettings = {
				ALWAYS_EMBED_SWIFT_STANDARD_LIBRARIES = YES;
				CODE_SIGN_STYLE = Automatic;
				DEVELOPMENT_TEAM = DXUKH9VF73;
				INFOPLIST_FILE = "Tests/Tests iOS/Info.plist";
				IPHONEOS_DEPLOYMENT_TARGET = 14.4;
				LD_RUNPATH_SEARCH_PATHS = (
					"$(inherited)",
					"@executable_path/Frameworks",
					"@loader_path/Frameworks",
				);
				PRODUCT_BUNDLE_IDENTIFIER = "io.kamaal.Tests-iOS";
				PRODUCT_NAME = "$(TARGET_NAME)";
				SDKROOT = iphoneos;
				SWIFT_VERSION = 5.0;
				TARGETED_DEVICE_FAMILY = "1,2";
				TEST_TARGET_NAME = "PlannerCal (iOS)";
				VALIDATE_PRODUCT = YES;
			};
			name = Release;
		};
		2C7B6AB52607DBE800F0217E /* Debug */ = {
			isa = XCBuildConfiguration;
			buildSettings = {
				ALWAYS_EMBED_SWIFT_STANDARD_LIBRARIES = YES;
				CODE_SIGN_STYLE = Automatic;
				COMBINE_HIDPI_IMAGES = YES;
				DEVELOPMENT_TEAM = DXUKH9VF73;
				INFOPLIST_FILE = "Tests/Tests macOS/Info.plist";
				LD_RUNPATH_SEARCH_PATHS = (
					"$(inherited)",
					"@executable_path/../Frameworks",
					"@loader_path/../Frameworks",
				);
				MACOSX_DEPLOYMENT_TARGET = 11.1;
				PRODUCT_BUNDLE_IDENTIFIER = "io.kamaal.Tests-macOS";
				PRODUCT_NAME = "$(TARGET_NAME)";
				SDKROOT = macosx;
				SWIFT_VERSION = 5.0;
				TEST_TARGET_NAME = "PlannerCal (macOS)";
			};
			name = Debug;
		};
		2C7B6AB62607DBE800F0217E /* Release */ = {
			isa = XCBuildConfiguration;
			buildSettings = {
				ALWAYS_EMBED_SWIFT_STANDARD_LIBRARIES = YES;
				CODE_SIGN_STYLE = Automatic;
				COMBINE_HIDPI_IMAGES = YES;
				DEVELOPMENT_TEAM = DXUKH9VF73;
				INFOPLIST_FILE = "Tests/Tests macOS/Info.plist";
				LD_RUNPATH_SEARCH_PATHS = (
					"$(inherited)",
					"@executable_path/../Frameworks",
					"@loader_path/../Frameworks",
				);
				MACOSX_DEPLOYMENT_TARGET = 11.1;
				PRODUCT_BUNDLE_IDENTIFIER = "io.kamaal.Tests-macOS";
				PRODUCT_NAME = "$(TARGET_NAME)";
				SDKROOT = macosx;
				SWIFT_VERSION = 5.0;
				TEST_TARGET_NAME = "PlannerCal (macOS)";
			};
			name = Release;
		};
/* End XCBuildConfiguration section */

/* Begin XCConfigurationList section */
		2C7B6A712607DBE700F0217E /* Build configuration list for PBXProject "PlannerCal" */ = {
			isa = XCConfigurationList;
			buildConfigurations = (
				2C7B6AA92607DBE800F0217E /* Debug */,
				2C7B6AAA2607DBE800F0217E /* Release */,
			);
			defaultConfigurationIsVisible = 0;
			defaultConfigurationName = Release;
		};
		2C7B6AAB2607DBE800F0217E /* Build configuration list for PBXNativeTarget "PlannerCal (iOS)" */ = {
			isa = XCConfigurationList;
			buildConfigurations = (
				2C7B6AAC2607DBE800F0217E /* Debug */,
				2C7B6AAD2607DBE800F0217E /* Release */,
			);
			defaultConfigurationIsVisible = 0;
			defaultConfigurationName = Release;
		};
		2C7B6AAE2607DBE800F0217E /* Build configuration list for PBXNativeTarget "PlannerCal (macOS)" */ = {
			isa = XCConfigurationList;
			buildConfigurations = (
				2C7B6AAF2607DBE800F0217E /* Debug */,
				2C7B6AB02607DBE800F0217E /* Release */,
			);
			defaultConfigurationIsVisible = 0;
			defaultConfigurationName = Release;
		};
		2C7B6AB12607DBE800F0217E /* Build configuration list for PBXNativeTarget "Tests iOS" */ = {
			isa = XCConfigurationList;
			buildConfigurations = (
				2C7B6AB22607DBE800F0217E /* Debug */,
				2C7B6AB32607DBE800F0217E /* Release */,
			);
			defaultConfigurationIsVisible = 0;
			defaultConfigurationName = Release;
		};
		2C7B6AB42607DBE800F0217E /* Build configuration list for PBXNativeTarget "Tests macOS" */ = {
			isa = XCConfigurationList;
			buildConfigurations = (
				2C7B6AB52607DBE800F0217E /* Debug */,
				2C7B6AB62607DBE800F0217E /* Release */,
			);
			defaultConfigurationIsVisible = 0;
			defaultConfigurationName = Release;
		};
/* End XCConfigurationList section */

/* Begin XCRemoteSwiftPackageReference section */
		2C7B6ABB2607DC5800F0217E /* XCRemoteSwiftPackageReference "PersistanceManager" */ = {
			isa = XCRemoteSwiftPackageReference;
			repositoryURL = "https://github.com/kamaal111/PersistanceManager.git";
			requirement = {
				kind = upToNextMajorVersion;
				minimumVersion = 2.0.0;
			};
		};
		2C7B6AC22607DCC200F0217E /* XCRemoteSwiftPackageReference "ConsoleSwift" */ = {
			isa = XCRemoteSwiftPackageReference;
			repositoryURL = "https://github.com/kamaal111/ConsoleSwift.git";
			requirement = {
				kind = upToNextMajorVersion;
				minimumVersion = 2.0.0;
			};
		};
		2C99A3B02612764D00A2D029 /* XCRemoteSwiftPackageReference "ShrimpExtensions" */ = {
			isa = XCRemoteSwiftPackageReference;
			repositoryURL = "https://github.com/kamaal111/ShrimpExtensions.git";
			requirement = {
				kind = upToNextMajorVersion;
				minimumVersion = 1.11.0;
			};
		};
		2CC13FDA261A44ED003E3EDF /* XCRemoteSwiftPackageReference "SalmonUI" */ = {
			isa = XCRemoteSwiftPackageReference;
			repositoryURL = "https://github.com/kamaal111/SalmonUI.git";
			requirement = {
				kind = upToNextMajorVersion;
				minimumVersion = 3.3.2;
			};
		};
/* End XCRemoteSwiftPackageReference section */

/* Begin XCSwiftPackageProductDependency section */
		2C7B6ABC2607DC5800F0217E /* PersistanceManager */ = {
			isa = XCSwiftPackageProductDependency;
			package = 2C7B6ABB2607DC5800F0217E /* XCRemoteSwiftPackageReference "PersistanceManager" */;
			productName = PersistanceManager;
		};
		2C7B6AC32607DCC200F0217E /* ConsoleSwift */ = {
			isa = XCSwiftPackageProductDependency;
			package = 2C7B6AC22607DCC200F0217E /* XCRemoteSwiftPackageReference "ConsoleSwift" */;
			productName = ConsoleSwift;
		};
		2C7B6ACA2607DE2700F0217E /* PersistanceManager */ = {
			isa = XCSwiftPackageProductDependency;
			package = 2C7B6ABB2607DC5800F0217E /* XCRemoteSwiftPackageReference "PersistanceManager" */;
			productName = PersistanceManager;
		};
		2C7B6ACC2607DE2C00F0217E /* ConsoleSwift */ = {
			isa = XCSwiftPackageProductDependency;
			package = 2C7B6AC22607DCC200F0217E /* XCRemoteSwiftPackageReference "ConsoleSwift" */;
			productName = ConsoleSwift;
		};
		2C99A3B12612764D00A2D029 /* ShrimpExtensions */ = {
			isa = XCSwiftPackageProductDependency;
			package = 2C99A3B02612764D00A2D029 /* XCRemoteSwiftPackageReference "ShrimpExtensions" */;
			productName = ShrimpExtensions;
		};
		2C99A3B72612766800A2D029 /* ShrimpExtensions */ = {
			isa = XCSwiftPackageProductDependency;
			package = 2C99A3B02612764D00A2D029 /* XCRemoteSwiftPackageReference "ShrimpExtensions" */;
			productName = ShrimpExtensions;
		};
		2C9AC1C8261A5B570088C4DC /* PCLocale */ = {
			isa = XCSwiftPackageProductDependency;
			productName = PCLocale;
		};
		2C9AC1CA261A5B5F0088C4DC /* PCLocale */ = {
			isa = XCSwiftPackageProductDependency;
			productName = PCLocale;
		};
		2CC13FDB261A44ED003E3EDF /* SalmonUI */ = {
			isa = XCSwiftPackageProductDependency;
			package = 2CC13FDA261A44ED003E3EDF /* XCRemoteSwiftPackageReference "SalmonUI" */;
			productName = SalmonUI;
		};
		2CC13FE1261A44F6003E3EDF /* SalmonUI */ = {
			isa = XCSwiftPackageProductDependency;
			package = 2CC13FDA261A44ED003E3EDF /* XCRemoteSwiftPackageReference "SalmonUI" */;
			productName = SalmonUI;
		};
/* End XCSwiftPackageProductDependency section */

/* Begin XCVersionGroup section */
		2C7B6A732607DBE700F0217E /* PlannerCal.xcdatamodeld */ = {
			isa = XCVersionGroup;
			children = (
				2C7B6A742607DBE700F0217E /* Shared.xcdatamodel */,
			);
			currentVersion = 2C7B6A742607DBE700F0217E /* Shared.xcdatamodel */;
			path = PlannerCal.xcdatamodeld;
			sourceTree = "<group>";
			versionGroupType = wrapper.xcdatamodel;
		};
/* End XCVersionGroup section */
	};
	rootObject = 2C7B6A6E2607DBE700F0217E /* Project object */;
}
